{"filter":false,"title":"Gemfile.lock","tooltip":"/Gemfile.lock","undoManager":{"mark":-1,"position":-1,"stack":[]},"ace":{"folds":[],"scrolltop":1260,"scrollleft":0,"selection":{"start":{"row":95,"column":24},"end":{"row":95,"column":24},"isBackwards":false},"options":{"guessTabSize":true,"useWrapMode":false,"wrapToView":true},"firstLineState":{"row":83,"state":"start","mode":"ace/mode/text"}},"timestamp":1428407205209,"hash":"2744e81547cb94c131e4249d811afff6e68ed0c3"}