{"filter":false,"title":"Gemfile.lock","tooltip":"/Gemfile.lock","undoManager":{"mark":-1,"position":-1,"stack":[]},"ace":{"folds":[],"scrolltop":2700,"scrollleft":0,"selection":{"start":{"row":0,"column":0},"end":{"row":0,"column":0},"isBackwards":false},"options":{"guessTabSize":true,"useWrapMode":false,"wrapToView":true},"firstLineState":{"row":179,"state":"start","mode":"ace/mode/text"}},"timestamp":1428407205209,"hash":"0e4dcd7fac905e7f849eb7f7a5844d366f17ddd3"}